
Microsoft Visual Studio Solution File, Format Version 12.00
Project("{FAE04EC0-301F-11D3-BF4B-00C04F79EFBC}") = "blockchain-serveur", "blockchain-serveur\blockchain-serveur.csproj", "{7FAFBCDA-C98A-44E9-A586-3B7D709DC622}"
EndProject
Global
	GlobalSection(SolutionConfigurationPlatforms) = preSolution
		Debug|Any CPU = Debug|Any CPU
		Release|Any CPU = Release|Any CPU
	EndGlobalSection
	GlobalSection(ProjectConfigurationPlatforms) = postSolution
		{7FAFBCDA-C98A-44E9-A586-3B7D709DC622}.Debug|Any CPU.ActiveCfg = Debug|Any CPU
		{7FAFBCDA-C98A-44E9-A586-3B7D709DC622}.Debug|Any CPU.Build.0 = Debug|Any CPU
		{7FAFBCDA-C98A-44E9-A586-3B7D709DC622}.Release|Any CPU.ActiveCfg = Release|Any CPU
		{7FAFBCDA-C98A-44E9-A586-3B7D709DC622}.Release|Any CPU.Build.0 = Release|Any CPU
	EndGlobalSection
EndGlobal
