
Microsoft Visual Studio Solution File, Format Version 12.00
# Visual Studio 15
VisualStudioVersion = 15.0.27428.2015
MinimumVisualStudioVersion = 10.0.40219.1
Project("{FAE04EC0-301F-11D3-BF4B-00C04F79EFBC}") = "EpicoinGraphics", "EpicoinGraphics\EpicoinGraphics.csproj", "{0377349F-6308-4946-8F2C-01934F33D22E}"
EndProject
Global
	GlobalSection(SolutionConfigurationPlatforms) = preSolution
		Debug|Any CPU = Debug|Any CPU
		Release|Any CPU = Release|Any CPU
	EndGlobalSection
	GlobalSection(ProjectConfigurationPlatforms) = postSolution
		{0377349F-6308-4946-8F2C-01934F33D22E}.Debug|Any CPU.ActiveCfg = Debug|Any CPU
		{0377349F-6308-4946-8F2C-01934F33D22E}.Debug|Any CPU.Build.0 = Debug|Any CPU
		{0377349F-6308-4946-8F2C-01934F33D22E}.Release|Any CPU.ActiveCfg = Release|Any CPU
		{0377349F-6308-4946-8F2C-01934F33D22E}.Release|Any CPU.Build.0 = Release|Any CPU
	EndGlobalSection
	GlobalSection(SolutionProperties) = preSolution
		HideSolutionNode = FALSE
	EndGlobalSection
	GlobalSection(ExtensibilityGlobals) = postSolution
		SolutionGuid = {B2C29BF6-96A1-4AB9-9EC4-ED5C69BEFB12}
	EndGlobalSection
EndGlobal
